
Microsoft Visual Studio Solution File, Format Version 12.00
# Visual Studio 15
VisualStudioVersion = 15.0.27703.2042
MinimumVisualStudioVersion = 10.0.40219.1
Project("{FAE04EC0-301F-11D3-BF4B-00C04F79EFBC}") = "SOFIA", "SOFIA\SOFIA.csproj", "{B54EB6CE-60D4-424A-B438-1E1FAFE1F31D}"
EndProject
Global
	GlobalSection(SolutionConfigurationPlatforms) = preSolution
		Debug|Any CPU = Debug|Any CPU
		Release|Any CPU = Release|Any CPU
	EndGlobalSection
	GlobalSection(ProjectConfigurationPlatforms) = postSolution
		{B54EB6CE-60D4-424A-B438-1E1FAFE1F31D}.Debug|Any CPU.ActiveCfg = Debug|Any CPU
		{B54EB6CE-60D4-424A-B438-1E1FAFE1F31D}.Debug|Any CPU.Build.0 = Debug|Any CPU
		{B54EB6CE-60D4-424A-B438-1E1FAFE1F31D}.Release|Any CPU.ActiveCfg = Release|Any CPU
		{B54EB6CE-60D4-424A-B438-1E1FAFE1F31D}.Release|Any CPU.Build.0 = Release|Any CPU
	EndGlobalSection
	GlobalSection(SolutionProperties) = preSolution
		HideSolutionNode = FALSE
	EndGlobalSection
	GlobalSection(ExtensibilityGlobals) = postSolution
		SolutionGuid = {435E6BB3-B503-42AD-B4A9-86A09890A388}
	EndGlobalSection
EndGlobal
